// !$*UTF8*$!
{
	archiveVersion = 1;
	classes = {
	};
	objectVersion = 50;
	objects = {

/* Begin PBXBuildFile section */
		497D6C3B25135F5F007DE651 /* AppDelegate.swift in Sources */ = {isa = PBXBuildFile; fileRef = 497D6C3A25135F5F007DE651 /* AppDelegate.swift */; };
		497D6C3D25135F5F007DE651 /* SceneDelegate.swift in Sources */ = {isa = PBXBuildFile; fileRef = 497D6C3C25135F5F007DE651 /* SceneDelegate.swift */; };
		497D6C3F25135F5F007DE651 /* ViewController.swift in Sources */ = {isa = PBXBuildFile; fileRef = 497D6C3E25135F5F007DE651 /* ViewController.swift */; };
		497D6C4225135F5F007DE651 /* Main.storyboard in Resources */ = {isa = PBXBuildFile; fileRef = 497D6C4025135F5F007DE651 /* Main.storyboard */; };
		497D6C4425135F5F007DE651 /* Assets.xcassets in Resources */ = {isa = PBXBuildFile; fileRef = 497D6C4325135F5F007DE651 /* Assets.xcassets */; };
		497D6C4725135F5F007DE651 /* LaunchScreen.storyboard in Resources */ = {isa = PBXBuildFile; fileRef = 497D6C4525135F5F007DE651 /* LaunchScreen.storyboard */; };
		497D6C50251360CE007DE651 /* Home.storyboard in Resources */ = {isa = PBXBuildFile; fileRef = 497D6C4E251360CE007DE651 /* Home.storyboard */; };
		497D6C542513611B007DE651 /* Orders.storyboard in Resources */ = {isa = PBXBuildFile; fileRef = 497D6C522513611B007DE651 /* Orders.storyboard */; };
		497D6C5625136149007DE651 /* Profile.storyboard in Resources */ = {isa = PBXBuildFile; fileRef = 497D6C5525136149007DE651 /* Profile.storyboard */; };
		497D6C592513615E007DE651 /* Payment.storyboard in Resources */ = {isa = PBXBuildFile; fileRef = 497D6C572513615E007DE651 /* Payment.storyboard */; };
		497D6C5B251363F6007DE651 /* Product.swift in Sources */ = {isa = PBXBuildFile; fileRef = 497D6C5A251363F6007DE651 /* Product.swift */; };
		497D6C5F2513644A007DE651 /* FeedViewController.swift in Sources */ = {isa = PBXBuildFile; fileRef = 497D6C5E2513644A007DE651 /* FeedViewController.swift */; };
		497D6C61251367C0007DE651 /* FeedProductTableViewCell.swift in Sources */ = {isa = PBXBuildFile; fileRef = 497D6C60251367C0007DE651 /* FeedProductTableViewCell.swift */; };
		497D6C6325136F16007DE651 /* ProductDetailViewController.swift in Sources */ = {isa = PBXBuildFile; fileRef = 497D6C6225136F16007DE651 /* ProductDetailViewController.swift */; };
		497D6C652513739D007DE651 /* ProductImageViewController.swift in Sources */ = {isa = PBXBuildFile; fileRef = 497D6C642513739D007DE651 /* ProductImageViewController.swift */; };
		497D6C6725137857007DE651 /* ProductDetailTableViewCell.swift in Sources */ = {isa = PBXBuildFile; fileRef = 497D6C6625137857007DE651 /* ProductDetailTableViewCell.swift */; };
		497D6C6925137862007DE651 /* BuyButtonTableViewCell.swift in Sources */ = {isa = PBXBuildFile; fileRef = 497D6C6825137862007DE651 /* BuyButtonTableViewCell.swift */; };
		497D6C6B2513786D007DE651 /* ShowDetailTableViewCell.swift in Sources */ = {isa = PBXBuildFile; fileRef = 497D6C6A2513786D007DE651 /* ShowDetailTableViewCell.swift */; };
		497D6C6D25137B9A007DE651 /* SuggestTableViewCell.swift in Sources */ = {isa = PBXBuildFile; fileRef = 497D6C6C25137B9A007DE651 /* SuggestTableViewCell.swift */; };
		497D6C6F25137BCD007DE651 /* SuggestImageCollectionViewCell.swift in Sources */ = {isa = PBXBuildFile; fileRef = 497D6C6E25137BCD007DE651 /* SuggestImageCollectionViewCell.swift */; };
		497D6C712513807E007DE651 /* ProductImageHeaderView.swift in Sources */ = {isa = PBXBuildFile; fileRef = 497D6C702513807E007DE651 /* ProductImageHeaderView.swift */; };
		497D6C7525138235007DE651 /* ProductImagesPageViewController.swift in Sources */ = {isa = PBXBuildFile; fileRef = 497D6C7425138235007DE651 /* ProductImagesPageViewController.swift */; };
		49888157251CAA1200358572 /* OrderViewController.swift in Sources */ = {isa = PBXBuildFile; fileRef = 49888156251CAA1200358572 /* OrderViewController.swift */; };
/* End PBXBuildFile section */

/* Begin PBXFileReference section */
		497D6C3725135F5F007DE651 /* ShoppingMall.app */ = {isa = PBXFileReference; explicitFileType = wrapper.application; includeInIndex = 0; path = ShoppingMall.app; sourceTree = BUILT_PRODUCTS_DIR; };
		497D6C3A25135F5F007DE651 /* AppDelegate.swift */ = {isa = PBXFileReference; lastKnownFileType = sourcecode.swift; path = AppDelegate.swift; sourceTree = "<group>"; };
		497D6C3C25135F5F007DE651 /* SceneDelegate.swift */ = {isa = PBXFileReference; lastKnownFileType = sourcecode.swift; path = SceneDelegate.swift; sourceTree = "<group>"; };
		497D6C3E25135F5F007DE651 /* ViewController.swift */ = {isa = PBXFileReference; lastKnownFileType = sourcecode.swift; path = ViewController.swift; sourceTree = "<group>"; };
		497D6C4125135F5F007DE651 /* Base */ = {isa = PBXFileReference; lastKnownFileType = file.storyboard; name = Base; path = Base.lproj/Main.storyboard; sourceTree = "<group>"; };
		497D6C4325135F5F007DE651 /* Assets.xcassets */ = {isa = PBXFileReference; lastKnownFileType = folder.assetcatalog; path = Assets.xcassets; sourceTree = "<group>"; };
		497D6C4625135F5F007DE651 /* Base */ = {isa = PBXFileReference; lastKnownFileType = file.storyboard; name = Base; path = Base.lproj/LaunchScreen.storyboard; sourceTree = "<group>"; };
		497D6C4825135F5F007DE651 /* Info.plist */ = {isa = PBXFileReference; lastKnownFileType = text.plist.xml; path = Info.plist; sourceTree = "<group>"; };
		497D6C4F251360CE007DE651 /* Base */ = {isa = PBXFileReference; lastKnownFileType = file.storyboard; name = Base; path = Base.lproj/Home.storyboard; sourceTree = "<group>"; };
		497D6C532513611B007DE651 /* Base */ = {isa = PBXFileReference; lastKnownFileType = file.storyboard; name = Base; path = Base.lproj/Orders.storyboard; sourceTree = "<group>"; };
		497D6C5525136149007DE651 /* Profile.storyboard */ = {isa = PBXFileReference; fileEncoding = 4; lastKnownFileType = file.storyboard; path = Profile.storyboard; sourceTree = SOURCE_ROOT; };
		497D6C582513615E007DE651 /* Base */ = {isa = PBXFileReference; lastKnownFileType = file.storyboard; name = Base; path = Base.lproj/Payment.storyboard; sourceTree = "<group>"; };
		497D6C5A251363F6007DE651 /* Product.swift */ = {isa = PBXFileReference; lastKnownFileType = sourcecode.swift; path = Product.swift; sourceTree = "<group>"; };
		497D6C5E2513644A007DE651 /* FeedViewController.swift */ = {isa = PBXFileReference; lastKnownFileType = sourcecode.swift; path = FeedViewController.swift; sourceTree = "<group>"; };
		497D6C60251367C0007DE651 /* FeedProductTableViewCell.swift */ = {isa = PBXFileReference; lastKnownFileType = sourcecode.swift; path = FeedProductTableViewCell.swift; sourceTree = "<group>"; };
		497D6C6225136F16007DE651 /* ProductDetailViewController.swift */ = {isa = PBXFileReference; lastKnownFileType = sourcecode.swift; path = ProductDetailViewController.swift; sourceTree = "<group>"; };
		497D6C642513739D007DE651 /* ProductImageViewController.swift */ = {isa = PBXFileReference; lastKnownFileType = sourcecode.swift; path = ProductImageViewController.swift; sourceTree = "<group>"; };
		497D6C6625137857007DE651 /* ProductDetailTableViewCell.swift */ = {isa = PBXFileReference; lastKnownFileType = sourcecode.swift; path = ProductDetailTableViewCell.swift; sourceTree = "<group>"; };
		497D6C6825137862007DE651 /* BuyButtonTableViewCell.swift */ = {isa = PBXFileReference; lastKnownFileType = sourcecode.swift; path = BuyButtonTableViewCell.swift; sourceTree = "<group>"; };
		497D6C6A2513786D007DE651 /* ShowDetailTableViewCell.swift */ = {isa = PBXFileReference; lastKnownFileType = sourcecode.swift; path = ShowDetailTableViewCell.swift; sourceTree = "<group>"; };
		497D6C6C25137B9A007DE651 /* SuggestTableViewCell.swift */ = {isa = PBXFileReference; lastKnownFileType = sourcecode.swift; path = SuggestTableViewCell.swift; sourceTree = "<group>"; };
		497D6C6E25137BCD007DE651 /* SuggestImageCollectionViewCell.swift */ = {isa = PBXFileReference; lastKnownFileType = sourcecode.swift; path = SuggestImageCollectionViewCell.swift; sourceTree = "<group>"; };
		497D6C702513807E007DE651 /* ProductImageHeaderView.swift */ = {isa = PBXFileReference; lastKnownFileType = sourcecode.swift; path = ProductImageHeaderView.swift; sourceTree = "<group>"; };
		497D6C7425138235007DE651 /* ProductImagesPageViewController.swift */ = {isa = PBXFileReference; lastKnownFileType = sourcecode.swift; path = ProductImagesPageViewController.swift; sourceTree = "<group>"; };
		49888156251CAA1200358572 /* OrderViewController.swift */ = {isa = PBXFileReference; lastKnownFileType = sourcecode.swift; path = OrderViewController.swift; sourceTree = "<group>"; };
/* End PBXFileReference section */

/* Begin PBXFrameworksBuildPhase section */
		497D6C3425135F5F007DE651 /* Frameworks */ = {
			isa = PBXFrameworksBuildPhase;
			buildActionMask = 2147483647;
			files = (
			);
			runOnlyForDeploymentPostprocessing = 0;
		};
/* End PBXFrameworksBuildPhase section */

/* Begin PBXGroup section */
		497D6C2E25135F5F007DE651 = {
			isa = PBXGroup;
			children = (
				497D6C3925135F5F007DE651 /* ShoppingMall */,
				497D6C3825135F5F007DE651 /* Products */,
			);
			sourceTree = "<group>";
		};
		497D6C3825135F5F007DE651 /* Products */ = {
			isa = PBXGroup;
			children = (
				497D6C3725135F5F007DE651 /* ShoppingMall.app */,
			);
			name = Products;
			sourceTree = "<group>";
		};
		497D6C3925135F5F007DE651 /* ShoppingMall */ = {
			isa = PBXGroup;
			children = (
				497D6C3A25135F5F007DE651 /* AppDelegate.swift */,
				497D6C3C25135F5F007DE651 /* SceneDelegate.swift */,
				497D6C3E25135F5F007DE651 /* ViewController.swift */,
				497D6C5A251363F6007DE651 /* Product.swift */,
				49888156251CAA1200358572 /* OrderViewController.swift */,
				49888154251CA9B800358572 /* HomeController  */,
				49888155251CA9DD00358572 /* HomeCell */,
				497D6C51251360DC007DE651 /* StoryBoards */,
				497D6C4325135F5F007DE651 /* Assets.xcassets */,
				497D6C4825135F5F007DE651 /* Info.plist */,
			);
			path = ShoppingMall;
			sourceTree = "<group>";
		};
		497D6C51251360DC007DE651 /* StoryBoards */ = {
			isa = PBXGroup;
			children = (
				497D6C4025135F5F007DE651 /* Main.storyboard */,
				497D6C4E251360CE007DE651 /* Home.storyboard */,
				497D6C522513611B007DE651 /* Orders.storyboard */,
				497D6C5525136149007DE651 /* Profile.storyboard */,
				497D6C572513615E007DE651 /* Payment.storyboard */,
				497D6C4525135F5F007DE651 /* LaunchScreen.storyboard */,
			);
			path = StoryBoards;
			sourceTree = "<group>";
		};
		49888154251CA9B800358572 /* HomeController  */ = {
			isa = PBXGroup;
			children = (
				497D6C5E2513644A007DE651 /* FeedViewController.swift */,
				497D6C6225136F16007DE651 /* ProductDetailViewController.swift */,
				497D6C642513739D007DE651 /* ProductImageViewController.swift */,
				497D6C7425138235007DE651 /* ProductImagesPageViewController.swift */,
				497D6C702513807E007DE651 /* ProductImageHeaderView.swift */,
			);
			path = "HomeController ";
			sourceTree = "<group>";
		};
		49888155251CA9DD00358572 /* HomeCell */ = {
			isa = PBXGroup;
			children = (
				497D6C60251367C0007DE651 /* FeedProductTableViewCell.swift */,
				497D6C6625137857007DE651 /* ProductDetailTableViewCell.swift */,
				497D6C6825137862007DE651 /* BuyButtonTableViewCell.swift */,
				497D6C6A2513786D007DE651 /* ShowDetailTableViewCell.swift */,
				497D6C6C25137B9A007DE651 /* SuggestTableViewCell.swift */,
				497D6C6E25137BCD007DE651 /* SuggestImageCollectionViewCell.swift */,
			);
			path = HomeCell;
			sourceTree = "<group>";
		};
/* End PBXGroup section */

/* Begin PBXNativeTarget section */
		497D6C3625135F5F007DE651 /* ShoppingMall */ = {
			isa = PBXNativeTarget;
			buildConfigurationList = 497D6C4B25135F5F007DE651 /* Build configuration list for PBXNativeTarget "ShoppingMall" */;
			buildPhases = (
				497D6C3325135F5F007DE651 /* Sources */,
				497D6C3425135F5F007DE651 /* Frameworks */,
				497D6C3525135F5F007DE651 /* Resources */,
			);
			buildRules = (
			);
			dependencies = (
			);
			name = ShoppingMall;
			productName = ShoppingMall;
			productReference = 497D6C3725135F5F007DE651 /* ShoppingMall.app */;
			productType = "com.apple.product-type.application";
		};
/* End PBXNativeTarget section */

/* Begin PBXProject section */
		497D6C2F25135F5F007DE651 /* Project object */ = {
			isa = PBXProject;
			attributes = {
				LastSwiftUpdateCheck = 1170;
				LastUpgradeCheck = 1170;
				ORGANIZATIONNAME = "Ahreum CHO";
				TargetAttributes = {
					497D6C3625135F5F007DE651 = {
						CreatedOnToolsVersion = 11.7;
					};
				};
			};
			buildConfigurationList = 497D6C3225135F5F007DE651 /* Build configuration list for PBXProject "ShoppingMall" */;
			compatibilityVersion = "Xcode 9.3";
			developmentRegion = en;
			hasScannedForEncodings = 0;
			knownRegions = (
				en,
				Base,
			);
			mainGroup = 497D6C2E25135F5F007DE651;
			productRefGroup = 497D6C3825135F5F007DE651 /* Products */;
			projectDirPath = "";
			projectRoot = "";
			targets = (
				497D6C3625135F5F007DE651 /* ShoppingMall */,
			);
		};
/* End PBXProject section */

/* Begin PBXResourcesBuildPhase section */
		497D6C3525135F5F007DE651 /* Resources */ = {
			isa = PBXResourcesBuildPhase;
			buildActionMask = 2147483647;
			files = (
				497D6C5625136149007DE651 /* Profile.storyboard in Resources */,
				497D6C592513615E007DE651 /* Payment.storyboard in Resources */,
				497D6C4725135F5F007DE651 /* LaunchScreen.storyboard in Resources */,
				497D6C4425135F5F007DE651 /* Assets.xcassets in Resources */,
				497D6C542513611B007DE651 /* Orders.storyboard in Resources */,
				497D6C4225135F5F007DE651 /* Main.storyboard in Resources */,
				497D6C50251360CE007DE651 /* Home.storyboard in Resources */,
			);
			runOnlyForDeploymentPostprocessing = 0;
		};
/* End PBXResourcesBuildPhase section */

/* Begin PBXSourcesBuildPhase section */
		497D6C3325135F5F007DE651 /* Sources */ = {
			isa = PBXSourcesBuildPhase;
			buildActionMask = 2147483647;
			files = (
				497D6C3F25135F5F007DE651 /* ViewController.swift in Sources */,
				497D6C5B251363F6007DE651 /* Product.swift in Sources */,
				497D6C6325136F16007DE651 /* ProductDetailViewController.swift in Sources */,
				497D6C5F2513644A007DE651 /* FeedViewController.swift in Sources */,
				497D6C6925137862007DE651 /* BuyButtonTableViewCell.swift in Sources */,
				497D6C652513739D007DE651 /* ProductImageViewController.swift in Sources */,
				497D6C6D25137B9A007DE651 /* SuggestTableViewCell.swift in Sources */,
				497D6C6B2513786D007DE651 /* ShowDetailTableViewCell.swift in Sources */,
				497D6C7525138235007DE651 /* ProductImagesPageViewController.swift in Sources */,
				497D6C6725137857007DE651 /* ProductDetailTableViewCell.swift in Sources */,
				497D6C712513807E007DE651 /* ProductImageHeaderView.swift in Sources */,
				497D6C6F25137BCD007DE651 /* SuggestImageCollectionViewCell.swift in Sources */,
				497D6C3B25135F5F007DE651 /* AppDelegate.swift in Sources */,
				497D6C3D25135F5F007DE651 /* SceneDelegate.swift in Sources */,
				497D6C61251367C0007DE651 /* FeedProductTableViewCell.swift in Sources */,
				49888157251CAA1200358572 /* OrderViewController.swift in Sources */,
			);
			runOnlyForDeploymentPostprocessing = 0;
		};
/* End PBXSourcesBuildPhase section */

/* Begin PBXVariantGroup section */
		497D6C4025135F5F007DE651 /* Main.storyboard */ = {
			isa = PBXVariantGroup;
			children = (
				497D6C4125135F5F007DE651 /* Base */,
			);
			name = Main.storyboard;
			sourceTree = "<group>";
		};
		497D6C4525135F5F007DE651 /* LaunchScreen.storyboard */ = {
			isa = PBXVariantGroup;
			children = (
				497D6C4625135F5F007DE651 /* Base */,
			);
			name = LaunchScreen.storyboard;
			sourceTree = "<group>";
		};
		497D6C4E251360CE007DE651 /* Home.storyboard */ = {
			isa = PBXVariantGroup;
			children = (
				497D6C4F251360CE007DE651 /* Base */,
			);
			name = Home.storyboard;
			sourceTree = "<group>";
		};
		497D6C522513611B007DE651 /* Orders.storyboard */ = {
			isa = PBXVariantGroup;
			children = (
				497D6C532513611B007DE651 /* Base */,
			);
			name = Orders.storyboard;
			sourceTree = "<group>";
		};
		497D6C572513615E007DE651 /* Payment.storyboard */ = {
			isa = PBXVariantGroup;
			children = (
				497D6C582513615E007DE651 /* Base */,
			);
			name = Payment.storyboard;
			sourceTree = "<group>";
		};
/* End PBXVariantGroup section */

/* Begin XCBuildConfiguration section */
		497D6C4925135F5F007DE651 /* Debug */ = {
			isa = XCBuildConfiguration;
			buildSettings = {
				ALWAYS_SEARCH_USER_PATHS = NO;
				CLANG_ANALYZER_NONNULL = YES;
				CLANG_ANALYZER_NUMBER_OBJECT_CONVERSION = YES_AGGRESSIVE;
				CLANG_CXX_LANGUAGE_STANDARD = "gnu++14";
				CLANG_CXX_LIBRARY = "libc++";
				CLANG_ENABLE_MODULES = YES;
				CLANG_ENABLE_OBJC_ARC = YES;
				CLANG_ENABLE_OBJC_WEAK = YES;
				CLANG_WARN_BLOCK_CAPTURE_AUTORELEASING = YES;
				CLANG_WARN_BOOL_CONVERSION = YES;
				CLANG_WARN_COMMA = YES;
				CLANG_WARN_CONSTANT_CONVERSION = YES;
				CLANG_WARN_DEPRECATED_OBJC_IMPLEMENTATIONS = YES;
				CLANG_WARN_DIRECT_OBJC_ISA_USAGE = YES_ERROR;
				CLANG_WARN_DOCUMENTATION_COMMENTS = YES;
				CLANG_WARN_EMPTY_BODY = YES;
				CLANG_WARN_ENUM_CONVERSION = YES;
				CLANG_WARN_INFINITE_RECURSION = YES;
				CLANG_WARN_INT_CONVERSION = YES;
				CLANG_WARN_NON_LITERAL_NULL_CONVERSION = YES;
				CLANG_WARN_OBJC_IMPLICIT_RETAIN_SELF = YES;
				CLANG_WARN_OBJC_LITERAL_CONVERSION = YES;
				CLANG_WARN_OBJC_ROOT_CLASS = YES_ERROR;
				CLANG_WARN_RANGE_LOOP_ANALYSIS = YES;
				CLANG_WARN_STRICT_PROTOTYPES = YES;
				CLANG_WARN_SUSPICIOUS_MOVE = YES;
				CLANG_WARN_UNGUARDED_AVAILABILITY = YES_AGGRESSIVE;
				CLANG_WARN_UNREACHABLE_CODE = YES;
				CLANG_WARN__DUPLICATE_METHOD_MATCH = YES;
				COPY_PHASE_STRIP = NO;
				DEBUG_INFORMATION_FORMAT = dwarf;
				ENABLE_STRICT_OBJC_MSGSEND = YES;
				ENABLE_TESTABILITY = YES;
				GCC_C_LANGUAGE_STANDARD = gnu11;
				GCC_DYNAMIC_NO_PIC = NO;
				GCC_NO_COMMON_BLOCKS = YES;
				GCC_OPTIMIZATION_LEVEL = 0;
				GCC_PREPROCESSOR_DEFINITIONS = (
					"DEBUG=1",
					"$(inherited)",
				);
				GCC_WARN_64_TO_32_BIT_CONVERSION = YES;
				GCC_WARN_ABOUT_RETURN_TYPE = YES_ERROR;
				GCC_WARN_UNDECLARED_SELECTOR = YES;
				GCC_WARN_UNINITIALIZED_AUTOS = YES_AGGRESSIVE;
				GCC_WARN_UNUSED_FUNCTION = YES;
				GCC_WARN_UNUSED_VARIABLE = YES;
				IPHONEOS_DEPLOYMENT_TARGET = 13.7;
				MTL_ENABLE_DEBUG_INFO = INCLUDE_SOURCE;
				MTL_FAST_MATH = YES;
				ONLY_ACTIVE_ARCH = YES;
				SDKROOT = iphoneos;
				SWIFT_ACTIVE_COMPILATION_CONDITIONS = DEBUG;
				SWIFT_OPTIMIZATION_LEVEL = "-Onone";
			};
			name = Debug;
		};
		497D6C4A25135F5F007DE651 /* Release */ = {
			isa = XCBuildConfiguration;
			buildSettings = {
				ALWAYS_SEARCH_USER_PATHS = NO;
				CLANG_ANALYZER_NONNULL = YES;
				CLANG_ANALYZER_NUMBER_OBJECT_CONVERSION = YES_AGGRESSIVE;
				CLANG_CXX_LANGUAGE_STANDARD = "gnu++14";
				CLANG_CXX_LIBRARY = "libc++";
				CLANG_ENABLE_MODULES = YES;
				CLANG_ENABLE_OBJC_ARC = YES;
				CLANG_ENABLE_OBJC_WEAK = YES;
				CLANG_WARN_BLOCK_CAPTURE_AUTORELEASING = YES;
				CLANG_WARN_BOOL_CONVERSION = YES;
				CLANG_WARN_COMMA = YES;
				CLANG_WARN_CONSTANT_CONVERSION = YES;
				CLANG_WARN_DEPRECATED_OBJC_IMPLEMENTATIONS = YES;
				CLANG_WARN_DIRECT_OBJC_ISA_USAGE = YES_ERROR;
				CLANG_WARN_DOCUMENTATION_COMMENTS = YES;
				CLANG_WARN_EMPTY_BODY = YES;
				CLANG_WARN_ENUM_CONVERSION = YES;
				CLANG_WARN_INFINITE_RECURSION = YES;
				CLANG_WARN_INT_CONVERSION = YES;
				CLANG_WARN_NON_LITERAL_NULL_CONVERSION = YES;
				CLANG_WARN_OBJC_IMPLICIT_RETAIN_SELF = YES;
				CLANG_WARN_OBJC_LITERAL_CONVERSION = YES;
				CLANG_WARN_OBJC_ROOT_CLASS = YES_ERROR;
				CLANG_WARN_RANGE_LOOP_ANALYSIS = YES;
				CLANG_WARN_STRICT_PROTOTYPES = YES;
				CLANG_WARN_SUSPICIOUS_MOVE = YES;
				CLANG_WARN_UNGUARDED_AVAILABILITY = YES_AGGRESSIVE;
				CLANG_WARN_UNREACHABLE_CODE = YES;
				CLANG_WARN__DUPLICATE_METHOD_MATCH = YES;
				COPY_PHASE_STRIP = NO;
				DEBUG_INFORMATION_FORMAT = "dwarf-with-dsym";
				ENABLE_NS_ASSERTIONS = NO;
				ENABLE_STRICT_OBJC_MSGSEND = YES;
				GCC_C_LANGUAGE_STANDARD = gnu11;
				GCC_NO_COMMON_BLOCKS = YES;
				GCC_WARN_64_TO_32_BIT_CONVERSION = YES;
				GCC_WARN_ABOUT_RETURN_TYPE = YES_ERROR;
				GCC_WARN_UNDECLARED_SELECTOR = YES;
				GCC_WARN_UNINITIALIZED_AUTOS = YES_AGGRESSIVE;
				GCC_WARN_UNUSED_FUNCTION = YES;
				GCC_WARN_UNUSED_VARIABLE = YES;
				IPHONEOS_DEPLOYMENT_TARGET = 13.7;
				MTL_ENABLE_DEBUG_INFO = NO;
				MTL_FAST_MATH = YES;
				SDKROOT = iphoneos;
				SWIFT_COMPILATION_MODE = wholemodule;
				SWIFT_OPTIMIZATION_LEVEL = "-O";
				VALIDATE_PRODUCT = YES;
			};
			name = Release;
		};
		497D6C4C25135F5F007DE651 /* Debug */ = {
			isa = XCBuildConfiguration;
			buildSettings = {
				ASSETCATALOG_COMPILER_APPICON_NAME = AppIcon;
				CODE_SIGN_STYLE = Automatic;
				INFOPLIST_FILE = ShoppingMall/Info.plist;
				LD_RUNPATH_SEARCH_PATHS = (
					"$(inherited)",
					"@executable_path/Frameworks",
				);
				PRODUCT_BUNDLE_IDENTIFIER = org.techtown.ShoppingMall;
				PRODUCT_NAME = "$(TARGET_NAME)";
				SWIFT_VERSION = 5.0;
				TARGETED_DEVICE_FAMILY = "1,2";
			};
			name = Debug;
		};
		497D6C4D25135F5F007DE651 /* Release */ = {
			isa = XCBuildConfiguration;
			buildSettings = {
				ASSETCATALOG_COMPILER_APPICON_NAME = AppIcon;
				CODE_SIGN_STYLE = Automatic;
				INFOPLIST_FILE = ShoppingMall/Info.plist;
				LD_RUNPATH_SEARCH_PATHS = (
					"$(inherited)",
					"@executable_path/Frameworks",
				);
				PRODUCT_BUNDLE_IDENTIFIER = org.techtown.ShoppingMall;
				PRODUCT_NAME = "$(TARGET_NAME)";
				SWIFT_VERSION = 5.0;
				TARGETED_DEVICE_FAMILY = "1,2";
			};
			name = Release;
		};
/* End XCBuildConfiguration section */

/* Begin XCConfigurationList section */
		497D6C3225135F5F007DE651 /* Build configuration list for PBXProject "ShoppingMall" */ = {
			isa = XCConfigurationList;
			buildConfigurations = (
				497D6C4925135F5F007DE651 /* Debug */,
				497D6C4A25135F5F007DE651 /* Release */,
			);
			defaultConfigurationIsVisible = 0;
			defaultConfigurationName = Release;
		};
		497D6C4B25135F5F007DE651 /* Build configuration list for PBXNativeTarget "ShoppingMall" */ = {
			isa = XCConfigurationList;
			buildConfigurations = (
				497D6C4C25135F5F007DE651 /* Debug */,
				497D6C4D25135F5F007DE651 /* Release */,
			);
			defaultConfigurationIsVisible = 0;
			defaultConfigurationName = Release;
		};
/* End XCConfigurationList section */
	};
	rootObject = 497D6C2F25135F5F007DE651 /* Project object */;
}
