// !$*UTF8*$!
{
	archiveVersion = 1;
	classes = {
	};
	objectVersion = 51;
	objects = {

/* Begin PBXBuildFile section */
		10F177CC5C8F8F7EF4D639A5 /* Pods_ShoppingMall.framework in Frameworks */ = {isa = PBXBuildFile; fileRef = 0EF30D364B67047B903ECFC7 /* Pods_ShoppingMall.framework */; };
		497447C5252C7C88002DD532 /* ProductAPI.swift in Sources */ = {isa = PBXBuildFile; fileRef = 497447C4252C7C88002DD532 /* ProductAPI.swift */; };
		497447E7252C8F10002DD532 /* AuthAPI.swift in Sources */ = {isa = PBXBuildFile; fileRef = 497447E6252C8F10002DD532 /* AuthAPI.swift */; };
		497D6C3B25135F5F007DE651 /* AppDelegate.swift in Sources */ = {isa = PBXBuildFile; fileRef = 497D6C3A25135F5F007DE651 /* AppDelegate.swift */; };
		497D6C3D25135F5F007DE651 /* SceneDelegate.swift in Sources */ = {isa = PBXBuildFile; fileRef = 497D6C3C25135F5F007DE651 /* SceneDelegate.swift */; };
		497D6C3F25135F5F007DE651 /* ViewController.swift in Sources */ = {isa = PBXBuildFile; fileRef = 497D6C3E25135F5F007DE651 /* ViewController.swift */; };
		497D6C4225135F5F007DE651 /* Main.storyboard in Resources */ = {isa = PBXBuildFile; fileRef = 497D6C4025135F5F007DE651 /* Main.storyboard */; };
		497D6C4425135F5F007DE651 /* Assets.xcassets in Resources */ = {isa = PBXBuildFile; fileRef = 497D6C4325135F5F007DE651 /* Assets.xcassets */; };
		497D6C4725135F5F007DE651 /* LaunchScreen.storyboard in Resources */ = {isa = PBXBuildFile; fileRef = 497D6C4525135F5F007DE651 /* LaunchScreen.storyboard */; };
		497D6C50251360CE007DE651 /* Home.storyboard in Resources */ = {isa = PBXBuildFile; fileRef = 497D6C4E251360CE007DE651 /* Home.storyboard */; };
		497D6C542513611B007DE651 /* Orders.storyboard in Resources */ = {isa = PBXBuildFile; fileRef = 497D6C522513611B007DE651 /* Orders.storyboard */; };
		497D6C5625136149007DE651 /* Profile.storyboard in Resources */ = {isa = PBXBuildFile; fileRef = 497D6C5525136149007DE651 /* Profile.storyboard */; };
		497D6C592513615E007DE651 /* Payment.storyboard in Resources */ = {isa = PBXBuildFile; fileRef = 497D6C572513615E007DE651 /* Payment.storyboard */; };
		497D6C5B251363F6007DE651 /* Product.swift in Sources */ = {isa = PBXBuildFile; fileRef = 497D6C5A251363F6007DE651 /* Product.swift */; };
		497D6C5F2513644A007DE651 /* FeedViewController.swift in Sources */ = {isa = PBXBuildFile; fileRef = 497D6C5E2513644A007DE651 /* FeedViewController.swift */; };
		497D6C61251367C0007DE651 /* FeedProductTableViewCell.swift in Sources */ = {isa = PBXBuildFile; fileRef = 497D6C60251367C0007DE651 /* FeedProductTableViewCell.swift */; };
		497D6C6325136F16007DE651 /* ProductDetailViewController.swift in Sources */ = {isa = PBXBuildFile; fileRef = 497D6C6225136F16007DE651 /* ProductDetailViewController.swift */; };
		497D6C652513739D007DE651 /* ProductImageViewController.swift in Sources */ = {isa = PBXBuildFile; fileRef = 497D6C642513739D007DE651 /* ProductImageViewController.swift */; };
		497D6C6725137857007DE651 /* ProductDetailTableViewCell.swift in Sources */ = {isa = PBXBuildFile; fileRef = 497D6C6625137857007DE651 /* ProductDetailTableViewCell.swift */; };
		497D6C6925137862007DE651 /* BuyButtonTableViewCell.swift in Sources */ = {isa = PBXBuildFile; fileRef = 497D6C6825137862007DE651 /* BuyButtonTableViewCell.swift */; };
		497D6C6B2513786D007DE651 /* ShowDetailTableViewCell.swift in Sources */ = {isa = PBXBuildFile; fileRef = 497D6C6A2513786D007DE651 /* ShowDetailTableViewCell.swift */; };
		497D6C6D25137B9A007DE651 /* SuggestTableViewCell.swift in Sources */ = {isa = PBXBuildFile; fileRef = 497D6C6C25137B9A007DE651 /* SuggestTableViewCell.swift */; };
		497D6C6F25137BCD007DE651 /* SuggestImageCollectionViewCell.swift in Sources */ = {isa = PBXBuildFile; fileRef = 497D6C6E25137BCD007DE651 /* SuggestImageCollectionViewCell.swift */; };
		497D6C712513807E007DE651 /* ProductImageHeaderView.swift in Sources */ = {isa = PBXBuildFile; fileRef = 497D6C702513807E007DE651 /* ProductImageHeaderView.swift */; };
		497D6C7525138235007DE651 /* ProductImagesPageViewController.swift in Sources */ = {isa = PBXBuildFile; fileRef = 497D6C7425138235007DE651 /* ProductImagesPageViewController.swift */; };
		49888157251CAA1200358572 /* OrderViewController.swift in Sources */ = {isa = PBXBuildFile; fileRef = 49888156251CAA1200358572 /* OrderViewController.swift */; };
		4988815A251CAFB900358572 /* NumberOfItemTableViewCell.swift in Sources */ = {isa = PBXBuildFile; fileRef = 49888159251CAFB900358572 /* NumberOfItemTableViewCell.swift */; };
		4988815D251CAFD100358572 /* ShoppingCartItemTableViewCell.swift in Sources */ = {isa = PBXBuildFile; fileRef = 4988815C251CAFD100358572 /* ShoppingCartItemTableViewCell.swift */; };
		4988815F251CB91700358572 /* CartDetailTableViewCell.swift in Sources */ = {isa = PBXBuildFile; fileRef = 4988815E251CB91700358572 /* CartDetailTableViewCell.swift */; };
		49888161251CB92300358572 /* TotalTableViewCell.swift in Sources */ = {isa = PBXBuildFile; fileRef = 49888160251CB92300358572 /* TotalTableViewCell.swift */; };
		49888163251CB93100358572 /* CheckOutButtonTableViewCell.swift in Sources */ = {isa = PBXBuildFile; fileRef = 49888162251CB93100358572 /* CheckOutButtonTableViewCell.swift */; };
		49888165251CBD4100358572 /* CheckOutViewController.swift in Sources */ = {isa = PBXBuildFile; fileRef = 49888164251CBD4100358572 /* CheckOutViewController.swift */; };
		49BD9345253EECE500FD77FB /* ProductNetworking.swift in Sources */ = {isa = PBXBuildFile; fileRef = 49BD9344253EECE500FD77FB /* ProductNetworking.swift */; };
		49BD9348253EECED00FD77FB /* AuthNetworking.swift in Sources */ = {isa = PBXBuildFile; fileRef = 49BD9347253EECEC00FD77FB /* AuthNetworking.swift */; };
		49CD5059254AACBB001F4806 /* Order.swift in Sources */ = {isa = PBXBuildFile; fileRef = 49CD5058254AACBB001F4806 /* Order.swift */; };
		49CD505C254AACD7001F4806 /* OrderAPI.swift in Sources */ = {isa = PBXBuildFile; fileRef = 49CD505B254AACD7001F4806 /* OrderAPI.swift */; };
		49CD505F254AAD36001F4806 /* OrderNetworking.swift in Sources */ = {isa = PBXBuildFile; fileRef = 49CD505E254AAD36001F4806 /* OrderNetworking.swift */; };
		49ED581E2531AD7100F24CED /* AssetsColor.swift in Sources */ = {isa = PBXBuildFile; fileRef = 49ED581D2531AD7100F24CED /* AssetsColor.swift */; };
		49ED585B253C457300F24CED /* Auth.swift in Sources */ = {isa = PBXBuildFile; fileRef = 49ED585A253C457300F24CED /* Auth.swift */; };
		49F3232C252B00B80096F505 /* LoginPageViewController.swift in Sources */ = {isa = PBXBuildFile; fileRef = 49F3232B252B00B80096F505 /* LoginPageViewController.swift */; };
		49F32354252B4E730096F505 /* SignInViewController.swift in Sources */ = {isa = PBXBuildFile; fileRef = 49F32353252B4E730096F505 /* SignInViewController.swift */; };
/* End PBXBuildFile section */

/* Begin PBXFileReference section */
		06324982B1CE5C84A8DDABDD /* Pods-ShoppingMall.debug.xcconfig */ = {isa = PBXFileReference; includeInIndex = 1; lastKnownFileType = text.xcconfig; name = "Pods-ShoppingMall.debug.xcconfig"; path = "Target Support Files/Pods-ShoppingMall/Pods-ShoppingMall.debug.xcconfig"; sourceTree = "<group>"; };
		0EF30D364B67047B903ECFC7 /* Pods_ShoppingMall.framework */ = {isa = PBXFileReference; explicitFileType = wrapper.framework; includeInIndex = 0; path = Pods_ShoppingMall.framework; sourceTree = BUILT_PRODUCTS_DIR; };
		497447C4252C7C88002DD532 /* ProductAPI.swift */ = {isa = PBXFileReference; lastKnownFileType = sourcecode.swift; path = ProductAPI.swift; sourceTree = "<group>"; };
		497447E6252C8F10002DD532 /* AuthAPI.swift */ = {isa = PBXFileReference; lastKnownFileType = sourcecode.swift; path = AuthAPI.swift; sourceTree = "<group>"; };
		497D6C3725135F5F007DE651 /* ShoppingMall.app */ = {isa = PBXFileReference; explicitFileType = wrapper.application; includeInIndex = 0; path = ShoppingMall.app; sourceTree = BUILT_PRODUCTS_DIR; };
		497D6C3A25135F5F007DE651 /* AppDelegate.swift */ = {isa = PBXFileReference; lastKnownFileType = sourcecode.swift; path = AppDelegate.swift; sourceTree = "<group>"; };
		497D6C3C25135F5F007DE651 /* SceneDelegate.swift */ = {isa = PBXFileReference; lastKnownFileType = sourcecode.swift; path = SceneDelegate.swift; sourceTree = "<group>"; };
		497D6C3E25135F5F007DE651 /* ViewController.swift */ = {isa = PBXFileReference; lastKnownFileType = sourcecode.swift; path = ViewController.swift; sourceTree = "<group>"; };
		497D6C4125135F5F007DE651 /* Base */ = {isa = PBXFileReference; lastKnownFileType = file.storyboard; name = Base; path = Base.lproj/Main.storyboard; sourceTree = "<group>"; };
		497D6C4325135F5F007DE651 /* Assets.xcassets */ = {isa = PBXFileReference; lastKnownFileType = folder.assetcatalog; path = Assets.xcassets; sourceTree = "<group>"; };
		497D6C4625135F5F007DE651 /* Base */ = {isa = PBXFileReference; lastKnownFileType = file.storyboard; name = Base; path = Base.lproj/LaunchScreen.storyboard; sourceTree = "<group>"; };
		497D6C4825135F5F007DE651 /* Info.plist */ = {isa = PBXFileReference; lastKnownFileType = text.plist.xml; path = Info.plist; sourceTree = "<group>"; };
		497D6C4F251360CE007DE651 /* Base */ = {isa = PBXFileReference; lastKnownFileType = file.storyboard; name = Base; path = Base.lproj/Home.storyboard; sourceTree = "<group>"; };
		497D6C532513611B007DE651 /* Base */ = {isa = PBXFileReference; lastKnownFileType = file.storyboard; name = Base; path = Base.lproj/Orders.storyboard; sourceTree = "<group>"; };
		497D6C5525136149007DE651 /* Profile.storyboard */ = {isa = PBXFileReference; fileEncoding = 4; lastKnownFileType = file.storyboard; path = Profile.storyboard; sourceTree = SOURCE_ROOT; };
		497D6C582513615E007DE651 /* Base */ = {isa = PBXFileReference; lastKnownFileType = file.storyboard; name = Base; path = Base.lproj/Payment.storyboard; sourceTree = "<group>"; };
		497D6C5A251363F6007DE651 /* Product.swift */ = {isa = PBXFileReference; lastKnownFileType = sourcecode.swift; path = Product.swift; sourceTree = "<group>"; };
		497D6C5E2513644A007DE651 /* FeedViewController.swift */ = {isa = PBXFileReference; lastKnownFileType = sourcecode.swift; path = FeedViewController.swift; sourceTree = "<group>"; };
		497D6C60251367C0007DE651 /* FeedProductTableViewCell.swift */ = {isa = PBXFileReference; lastKnownFileType = sourcecode.swift; path = FeedProductTableViewCell.swift; sourceTree = "<group>"; };
		497D6C6225136F16007DE651 /* ProductDetailViewController.swift */ = {isa = PBXFileReference; lastKnownFileType = sourcecode.swift; path = ProductDetailViewController.swift; sourceTree = "<group>"; };
		497D6C642513739D007DE651 /* ProductImageViewController.swift */ = {isa = PBXFileReference; lastKnownFileType = sourcecode.swift; path = ProductImageViewController.swift; sourceTree = "<group>"; };
		497D6C6625137857007DE651 /* ProductDetailTableViewCell.swift */ = {isa = PBXFileReference; lastKnownFileType = sourcecode.swift; path = ProductDetailTableViewCell.swift; sourceTree = "<group>"; };
		497D6C6825137862007DE651 /* BuyButtonTableViewCell.swift */ = {isa = PBXFileReference; lastKnownFileType = sourcecode.swift; path = BuyButtonTableViewCell.swift; sourceTree = "<group>"; };
		497D6C6A2513786D007DE651 /* ShowDetailTableViewCell.swift */ = {isa = PBXFileReference; lastKnownFileType = sourcecode.swift; path = ShowDetailTableViewCell.swift; sourceTree = "<group>"; };
		497D6C6C25137B9A007DE651 /* SuggestTableViewCell.swift */ = {isa = PBXFileReference; lastKnownFileType = sourcecode.swift; path = SuggestTableViewCell.swift; sourceTree = "<group>"; };
		497D6C6E25137BCD007DE651 /* SuggestImageCollectionViewCell.swift */ = {isa = PBXFileReference; lastKnownFileType = sourcecode.swift; path = SuggestImageCollectionViewCell.swift; sourceTree = "<group>"; };
		497D6C702513807E007DE651 /* ProductImageHeaderView.swift */ = {isa = PBXFileReference; lastKnownFileType = sourcecode.swift; path = ProductImageHeaderView.swift; sourceTree = "<group>"; };
		497D6C7425138235007DE651 /* ProductImagesPageViewController.swift */ = {isa = PBXFileReference; lastKnownFileType = sourcecode.swift; path = ProductImagesPageViewController.swift; sourceTree = "<group>"; };
		49888156251CAA1200358572 /* OrderViewController.swift */ = {isa = PBXFileReference; lastKnownFileType = sourcecode.swift; path = OrderViewController.swift; sourceTree = "<group>"; };
		49888159251CAFB900358572 /* NumberOfItemTableViewCell.swift */ = {isa = PBXFileReference; lastKnownFileType = sourcecode.swift; path = NumberOfItemTableViewCell.swift; sourceTree = "<group>"; };
		4988815C251CAFD100358572 /* ShoppingCartItemTableViewCell.swift */ = {isa = PBXFileReference; lastKnownFileType = sourcecode.swift; path = ShoppingCartItemTableViewCell.swift; sourceTree = "<group>"; };
		4988815E251CB91700358572 /* CartDetailTableViewCell.swift */ = {isa = PBXFileReference; lastKnownFileType = sourcecode.swift; path = CartDetailTableViewCell.swift; sourceTree = "<group>"; };
		49888160251CB92300358572 /* TotalTableViewCell.swift */ = {isa = PBXFileReference; lastKnownFileType = sourcecode.swift; path = TotalTableViewCell.swift; sourceTree = "<group>"; };
		49888162251CB93100358572 /* CheckOutButtonTableViewCell.swift */ = {isa = PBXFileReference; lastKnownFileType = sourcecode.swift; path = CheckOutButtonTableViewCell.swift; sourceTree = "<group>"; };
		49888164251CBD4100358572 /* CheckOutViewController.swift */ = {isa = PBXFileReference; lastKnownFileType = sourcecode.swift; path = CheckOutViewController.swift; sourceTree = "<group>"; };
		49BD9344253EECE500FD77FB /* ProductNetworking.swift */ = {isa = PBXFileReference; lastKnownFileType = sourcecode.swift; path = ProductNetworking.swift; sourceTree = "<group>"; };
		49BD9347253EECEC00FD77FB /* AuthNetworking.swift */ = {isa = PBXFileReference; lastKnownFileType = sourcecode.swift; path = AuthNetworking.swift; sourceTree = "<group>"; };
		49CD5058254AACBB001F4806 /* Order.swift */ = {isa = PBXFileReference; lastKnownFileType = sourcecode.swift; path = Order.swift; sourceTree = "<group>"; };
		49CD505B254AACD7001F4806 /* OrderAPI.swift */ = {isa = PBXFileReference; lastKnownFileType = sourcecode.swift; path = OrderAPI.swift; sourceTree = "<group>"; };
		49CD505E254AAD36001F4806 /* OrderNetworking.swift */ = {isa = PBXFileReference; lastKnownFileType = sourcecode.swift; path = OrderNetworking.swift; sourceTree = "<group>"; };
		49ED581D2531AD7100F24CED /* AssetsColor.swift */ = {isa = PBXFileReference; lastKnownFileType = sourcecode.swift; path = AssetsColor.swift; sourceTree = "<group>"; };
		49ED585A253C457300F24CED /* Auth.swift */ = {isa = PBXFileReference; lastKnownFileType = sourcecode.swift; path = Auth.swift; sourceTree = "<group>"; };
		49F3232B252B00B80096F505 /* LoginPageViewController.swift */ = {isa = PBXFileReference; lastKnownFileType = sourcecode.swift; path = LoginPageViewController.swift; sourceTree = "<group>"; };
		49F32353252B4E730096F505 /* SignInViewController.swift */ = {isa = PBXFileReference; lastKnownFileType = sourcecode.swift; path = SignInViewController.swift; sourceTree = "<group>"; };
		FA30B7BA336D5F1B4F0933F4 /* Pods-ShoppingMall.release.xcconfig */ = {isa = PBXFileReference; includeInIndex = 1; lastKnownFileType = text.xcconfig; name = "Pods-ShoppingMall.release.xcconfig"; path = "Target Support Files/Pods-ShoppingMall/Pods-ShoppingMall.release.xcconfig"; sourceTree = "<group>"; };
/* End PBXFileReference section */

/* Begin PBXFrameworksBuildPhase section */
		497D6C3425135F5F007DE651 /* Frameworks */ = {
			isa = PBXFrameworksBuildPhase;
			buildActionMask = 2147483647;
			files = (
				10F177CC5C8F8F7EF4D639A5 /* Pods_ShoppingMall.framework in Frameworks */,
			);
			runOnlyForDeploymentPostprocessing = 0;
		};
/* End PBXFrameworksBuildPhase section */

/* Begin PBXGroup section */
		497D6C2E25135F5F007DE651 = {
			isa = PBXGroup;
			children = (
				497D6C3925135F5F007DE651 /* ShoppingMall */,
				497D6C3825135F5F007DE651 /* Products */,
				861BEB199B0B297458FA4226 /* Pods */,
				590D708C1DD1B49A4BAA80B5 /* Frameworks */,
			);
			sourceTree = "<group>";
		};
		497D6C3825135F5F007DE651 /* Products */ = {
			isa = PBXGroup;
			children = (
				497D6C3725135F5F007DE651 /* ShoppingMall.app */,
			);
			name = Products;
			sourceTree = "<group>";
		};
		497D6C3925135F5F007DE651 /* ShoppingMall */ = {
			isa = PBXGroup;
			children = (
				497D6C3A25135F5F007DE651 /* AppDelegate.swift */,
				497D6C3C25135F5F007DE651 /* SceneDelegate.swift */,
				497D6C3E25135F5F007DE651 /* ViewController.swift */,
				49BD9341253EE1E800FD77FB /* APIModelling */,
				49ED5857253C40CA00F24CED /* APIProvider */,
				49BD9343253EECA500FD77FB /* APINetworking */,
				49F3232A252B00860096F505 /* LogInController */,
				4988815B251CAFBC00358572 /* OrderCell */,
				49888158251CAF8B00358572 /* OrderController */,
				49888154251CA9B800358572 /* HomeController  */,
				49888155251CA9DD00358572 /* HomeCell */,
				497D6C51251360DC007DE651 /* StoryBoards */,
				49ED581C2531AD3C00F24CED /* ColorProvider */,
				497D6C4825135F5F007DE651 /* Info.plist */,
				497D6C4325135F5F007DE651 /* Assets.xcassets */,
			);
			path = ShoppingMall;
			sourceTree = "<group>";
		};
		497D6C51251360DC007DE651 /* StoryBoards */ = {
			isa = PBXGroup;
			children = (
				497D6C4025135F5F007DE651 /* Main.storyboard */,
				497D6C4E251360CE007DE651 /* Home.storyboard */,
				497D6C522513611B007DE651 /* Orders.storyboard */,
				497D6C5525136149007DE651 /* Profile.storyboard */,
				497D6C572513615E007DE651 /* Payment.storyboard */,
				497D6C4525135F5F007DE651 /* LaunchScreen.storyboard */,
			);
			path = StoryBoards;
			sourceTree = "<group>";
		};
		49888154251CA9B800358572 /* HomeController  */ = {
			isa = PBXGroup;
			children = (
				497D6C6225136F16007DE651 /* ProductDetailViewController.swift */,
				497D6C642513739D007DE651 /* ProductImageViewController.swift */,
				497D6C7425138235007DE651 /* ProductImagesPageViewController.swift */,
				497D6C702513807E007DE651 /* ProductImageHeaderView.swift */,
				497D6C5E2513644A007DE651 /* FeedViewController.swift */,
			);
			path = "HomeController ";
			sourceTree = "<group>";
		};
		49888155251CA9DD00358572 /* HomeCell */ = {
			isa = PBXGroup;
			children = (
				497D6C60251367C0007DE651 /* FeedProductTableViewCell.swift */,
				497D6C6625137857007DE651 /* ProductDetailTableViewCell.swift */,
				497D6C6825137862007DE651 /* BuyButtonTableViewCell.swift */,
				497D6C6A2513786D007DE651 /* ShowDetailTableViewCell.swift */,
				497D6C6C25137B9A007DE651 /* SuggestTableViewCell.swift */,
				497D6C6E25137BCD007DE651 /* SuggestImageCollectionViewCell.swift */,
			);
			path = HomeCell;
			sourceTree = "<group>";
		};
		49888158251CAF8B00358572 /* OrderController */ = {
			isa = PBXGroup;
			children = (
				49888156251CAA1200358572 /* OrderViewController.swift */,
				49888164251CBD4100358572 /* CheckOutViewController.swift */,
			);
			path = OrderController;
			sourceTree = "<group>";
		};
		4988815B251CAFBC00358572 /* OrderCell */ = {
			isa = PBXGroup;
			children = (
				49888159251CAFB900358572 /* NumberOfItemTableViewCell.swift */,
				4988815C251CAFD100358572 /* ShoppingCartItemTableViewCell.swift */,
				4988815E251CB91700358572 /* CartDetailTableViewCell.swift */,
				49888160251CB92300358572 /* TotalTableViewCell.swift */,
				49888162251CB93100358572 /* CheckOutButtonTableViewCell.swift */,
			);
			path = OrderCell;
			sourceTree = "<group>";
		};
		49BD9341253EE1E800FD77FB /* APIModelling */ = {
			isa = PBXGroup;
			children = (
				49ED585A253C457300F24CED /* Auth.swift */,
				497D6C5A251363F6007DE651 /* Product.swift */,
				49CD5058254AACBB001F4806 /* Order.swift */,
			);
			path = APIModelling;
			sourceTree = "<group>";
		};
		49BD9343253EECA500FD77FB /* APINetworking */ = {
			isa = PBXGroup;
			children = (
				49BD9344253EECE500FD77FB /* ProductNetworking.swift */,
				49BD9347253EECEC00FD77FB /* AuthNetworking.swift */,
				49CD505E254AAD36001F4806 /* OrderNetworking.swift */,
			);
			path = APINetworking;
			sourceTree = "<group>";
		};
		49ED581C2531AD3C00F24CED /* ColorProvider */ = {
			isa = PBXGroup;
			children = (
				49ED581D2531AD7100F24CED /* AssetsColor.swift */,
			);
			path = ColorProvider;
			sourceTree = "<group>";
		};
		49ED5857253C40CA00F24CED /* APIProvider */ = {
			isa = PBXGroup;
			children = (
				497447E6252C8F10002DD532 /* AuthAPI.swift */,
				497447C4252C7C88002DD532 /* ProductAPI.swift */,
				49CD505B254AACD7001F4806 /* OrderAPI.swift */,
			);
			path = APIProvider;
			sourceTree = "<group>";
		};
		49F3232A252B00860096F505 /* LogInController */ = {
			isa = PBXGroup;
			children = (
				49F3232B252B00B80096F505 /* LoginPageViewController.swift */,
				49F32353252B4E730096F505 /* SignInViewController.swift */,
			);
			path = LogInController;
			sourceTree = "<group>";
		};
		590D708C1DD1B49A4BAA80B5 /* Frameworks */ = {
			isa = PBXGroup;
			children = (
				0EF30D364B67047B903ECFC7 /* Pods_ShoppingMall.framework */,
			);
			name = Frameworks;
			sourceTree = "<group>";
		};
		861BEB199B0B297458FA4226 /* Pods */ = {
			isa = PBXGroup;
			children = (
				06324982B1CE5C84A8DDABDD /* Pods-ShoppingMall.debug.xcconfig */,
				FA30B7BA336D5F1B4F0933F4 /* Pods-ShoppingMall.release.xcconfig */,
			);
			path = Pods;
			sourceTree = "<group>";
		};
/* End PBXGroup section */

/* Begin PBXNativeTarget section */
		497D6C3625135F5F007DE651 /* ShoppingMall */ = {
			isa = PBXNativeTarget;
			buildConfigurationList = 497D6C4B25135F5F007DE651 /* Build configuration list for PBXNativeTarget "ShoppingMall" */;
			buildPhases = (
				255A910561BB55B798BCBDB9 /* [CP] Check Pods Manifest.lock */,
				497D6C3325135F5F007DE651 /* Sources */,
				497D6C3425135F5F007DE651 /* Frameworks */,
				497D6C3525135F5F007DE651 /* Resources */,
				398233D20568A7B41E0477A7 /* [CP] Embed Pods Frameworks */,
				CC4C90FA9FBC9D197487515B /* [CP] Copy Pods Resources */,
			);
			buildRules = (
			);
			dependencies = (
			);
			name = ShoppingMall;
			productName = ShoppingMall;
			productReference = 497D6C3725135F5F007DE651 /* ShoppingMall.app */;
			productType = "com.apple.product-type.application";
		};
/* End PBXNativeTarget section */

/* Begin PBXProject section */
		497D6C2F25135F5F007DE651 /* Project object */ = {
			isa = PBXProject;
			attributes = {
				LastSwiftUpdateCheck = 1170;
				LastUpgradeCheck = 1170;
				ORGANIZATIONNAME = "Ahreum CHO";
				TargetAttributes = {
					497D6C3625135F5F007DE651 = {
						CreatedOnToolsVersion = 11.7;
					};
				};
			};
			buildConfigurationList = 497D6C3225135F5F007DE651 /* Build configuration list for PBXProject "ShoppingMall" */;
			compatibilityVersion = "Xcode 9.3";
			developmentRegion = en;
			hasScannedForEncodings = 0;
			knownRegions = (
				en,
				Base,
			);
			mainGroup = 497D6C2E25135F5F007DE651;
			productRefGroup = 497D6C3825135F5F007DE651 /* Products */;
			projectDirPath = "";
			projectRoot = "";
			targets = (
				497D6C3625135F5F007DE651 /* ShoppingMall */,
			);
		};
/* End PBXProject section */

/* Begin PBXResourcesBuildPhase section */
		497D6C3525135F5F007DE651 /* Resources */ = {
			isa = PBXResourcesBuildPhase;
			buildActionMask = 2147483647;
			files = (
				497D6C5625136149007DE651 /* Profile.storyboard in Resources */,
				497D6C592513615E007DE651 /* Payment.storyboard in Resources */,
				497D6C4725135F5F007DE651 /* LaunchScreen.storyboard in Resources */,
				497D6C4425135F5F007DE651 /* Assets.xcassets in Resources */,
				497D6C542513611B007DE651 /* Orders.storyboard in Resources */,
				497D6C4225135F5F007DE651 /* Main.storyboard in Resources */,
				497D6C50251360CE007DE651 /* Home.storyboard in Resources */,
			);
			runOnlyForDeploymentPostprocessing = 0;
		};
/* End PBXResourcesBuildPhase section */

/* Begin PBXShellScriptBuildPhase section */
		255A910561BB55B798BCBDB9 /* [CP] Check Pods Manifest.lock */ = {
			isa = PBXShellScriptBuildPhase;
			buildActionMask = 2147483647;
			files = (
			);
			inputFileListPaths = (
			);
			inputPaths = (
				"${PODS_PODFILE_DIR_PATH}/Podfile.lock",
				"${PODS_ROOT}/Manifest.lock",
			);
			name = "[CP] Check Pods Manifest.lock";
			outputFileListPaths = (
			);
			outputPaths = (
				"$(DERIVED_FILE_DIR)/Pods-ShoppingMall-checkManifestLockResult.txt",
			);
			runOnlyForDeploymentPostprocessing = 0;
			shellPath = /bin/sh;
			shellScript = "diff \"${PODS_PODFILE_DIR_PATH}/Podfile.lock\" \"${PODS_ROOT}/Manifest.lock\" > /dev/null\nif [ $? != 0 ] ; then\n    # print error to STDERR\n    echo \"error: The sandbox is not in sync with the Podfile.lock. Run 'pod install' or update your CocoaPods installation.\" >&2\n    exit 1\nfi\n# This output is used by Xcode 'outputs' to avoid re-running this script phase.\necho \"SUCCESS\" > \"${SCRIPT_OUTPUT_FILE_0}\"\n";
			showEnvVarsInLog = 0;
		};
		398233D20568A7B41E0477A7 /* [CP] Embed Pods Frameworks */ = {
			isa = PBXShellScriptBuildPhase;
			buildActionMask = 2147483647;
			files = (
			);
			inputFileListPaths = (
				"${PODS_ROOT}/Target Support Files/Pods-ShoppingMall/Pods-ShoppingMall-frameworks-${CONFIGURATION}-input-files.xcfilelist",
			);
			name = "[CP] Embed Pods Frameworks";
			outputFileListPaths = (
				"${PODS_ROOT}/Target Support Files/Pods-ShoppingMall/Pods-ShoppingMall-frameworks-${CONFIGURATION}-output-files.xcfilelist",
			);
			runOnlyForDeploymentPostprocessing = 0;
			shellPath = /bin/sh;
			shellScript = "\"${PODS_ROOT}/Target Support Files/Pods-ShoppingMall/Pods-ShoppingMall-frameworks.sh\"\n";
			showEnvVarsInLog = 0;
		};
		CC4C90FA9FBC9D197487515B /* [CP] Copy Pods Resources */ = {
			isa = PBXShellScriptBuildPhase;
			buildActionMask = 2147483647;
			files = (
			);
			inputFileListPaths = (
				"${PODS_ROOT}/Target Support Files/Pods-ShoppingMall/Pods-ShoppingMall-resources-${CONFIGURATION}-input-files.xcfilelist",
			);
			name = "[CP] Copy Pods Resources";
			outputFileListPaths = (
				"${PODS_ROOT}/Target Support Files/Pods-ShoppingMall/Pods-ShoppingMall-resources-${CONFIGURATION}-output-files.xcfilelist",
			);
			runOnlyForDeploymentPostprocessing = 0;
			shellPath = /bin/sh;
			shellScript = "\"${PODS_ROOT}/Target Support Files/Pods-ShoppingMall/Pods-ShoppingMall-resources.sh\"\n";
			showEnvVarsInLog = 0;
		};
/* End PBXShellScriptBuildPhase section */

/* Begin PBXSourcesBuildPhase section */
		497D6C3325135F5F007DE651 /* Sources */ = {
			isa = PBXSourcesBuildPhase;
			buildActionMask = 2147483647;
			files = (
				49888165251CBD4100358572 /* CheckOutViewController.swift in Sources */,
				497D6C3F25135F5F007DE651 /* ViewController.swift in Sources */,
				4988815A251CAFB900358572 /* NumberOfItemTableViewCell.swift in Sources */,
				497D6C5B251363F6007DE651 /* Product.swift in Sources */,
				4988815F251CB91700358572 /* CartDetailTableViewCell.swift in Sources */,
				497D6C6325136F16007DE651 /* ProductDetailViewController.swift in Sources */,
				497D6C5F2513644A007DE651 /* FeedViewController.swift in Sources */,
				49888161251CB92300358572 /* TotalTableViewCell.swift in Sources */,
				497447C5252C7C88002DD532 /* ProductAPI.swift in Sources */,
				49CD5059254AACBB001F4806 /* Order.swift in Sources */,
				497D6C6925137862007DE651 /* BuyButtonTableViewCell.swift in Sources */,
				4988815D251CAFD100358572 /* ShoppingCartItemTableViewCell.swift in Sources */,
				49ED585B253C457300F24CED /* Auth.swift in Sources */,
				497D6C652513739D007DE651 /* ProductImageViewController.swift in Sources */,
				497D6C6D25137B9A007DE651 /* SuggestTableViewCell.swift in Sources */,
				497D6C6B2513786D007DE651 /* ShowDetailTableViewCell.swift in Sources */,
				497D6C7525138235007DE651 /* ProductImagesPageViewController.swift in Sources */,
				49ED581E2531AD7100F24CED /* AssetsColor.swift in Sources */,
				497D6C6725137857007DE651 /* ProductDetailTableViewCell.swift in Sources */,
				49CD505F254AAD36001F4806 /* OrderNetworking.swift in Sources */,
				49BD9345253EECE500FD77FB /* ProductNetworking.swift in Sources */,
				497447E7252C8F10002DD532 /* AuthAPI.swift in Sources */,
				497D6C712513807E007DE651 /* ProductImageHeaderView.swift in Sources */,
				497D6C6F25137BCD007DE651 /* SuggestImageCollectionViewCell.swift in Sources */,
				497D6C3B25135F5F007DE651 /* AppDelegate.swift in Sources */,
				49BD9348253EECED00FD77FB /* AuthNetworking.swift in Sources */,
				497D6C3D25135F5F007DE651 /* SceneDelegate.swift in Sources */,
				497D6C61251367C0007DE651 /* FeedProductTableViewCell.swift in Sources */,
				49F32354252B4E730096F505 /* SignInViewController.swift in Sources */,
				49888163251CB93100358572 /* CheckOutButtonTableViewCell.swift in Sources */,
				49F3232C252B00B80096F505 /* LoginPageViewController.swift in Sources */,
				49888157251CAA1200358572 /* OrderViewController.swift in Sources */,
				49CD505C254AACD7001F4806 /* OrderAPI.swift in Sources */,
			);
			runOnlyForDeploymentPostprocessing = 0;
		};
/* End PBXSourcesBuildPhase section */

/* Begin PBXVariantGroup section */
		497D6C4025135F5F007DE651 /* Main.storyboard */ = {
			isa = PBXVariantGroup;
			children = (
				497D6C4125135F5F007DE651 /* Base */,
			);
			name = Main.storyboard;
			sourceTree = "<group>";
		};
		497D6C4525135F5F007DE651 /* LaunchScreen.storyboard */ = {
			isa = PBXVariantGroup;
			children = (
				497D6C4625135F5F007DE651 /* Base */,
			);
			name = LaunchScreen.storyboard;
			sourceTree = "<group>";
		};
		497D6C4E251360CE007DE651 /* Home.storyboard */ = {
			isa = PBXVariantGroup;
			children = (
				497D6C4F251360CE007DE651 /* Base */,
			);
			name = Home.storyboard;
			sourceTree = "<group>";
		};
		497D6C522513611B007DE651 /* Orders.storyboard */ = {
			isa = PBXVariantGroup;
			children = (
				497D6C532513611B007DE651 /* Base */,
			);
			name = Orders.storyboard;
			sourceTree = "<group>";
		};
		497D6C572513615E007DE651 /* Payment.storyboard */ = {
			isa = PBXVariantGroup;
			children = (
				497D6C582513615E007DE651 /* Base */,
			);
			name = Payment.storyboard;
			sourceTree = "<group>";
		};
/* End PBXVariantGroup section */

/* Begin XCBuildConfiguration section */
		497D6C4925135F5F007DE651 /* Debug */ = {
			isa = XCBuildConfiguration;
			buildSettings = {
				ALWAYS_SEARCH_USER_PATHS = NO;
				CLANG_ANALYZER_NONNULL = YES;
				CLANG_ANALYZER_NUMBER_OBJECT_CONVERSION = YES_AGGRESSIVE;
				CLANG_CXX_LANGUAGE_STANDARD = "gnu++14";
				CLANG_CXX_LIBRARY = "libc++";
				CLANG_ENABLE_MODULES = YES;
				CLANG_ENABLE_OBJC_ARC = YES;
				CLANG_ENABLE_OBJC_WEAK = YES;
				CLANG_WARN_BLOCK_CAPTURE_AUTORELEASING = YES;
				CLANG_WARN_BOOL_CONVERSION = YES;
				CLANG_WARN_COMMA = YES;
				CLANG_WARN_CONSTANT_CONVERSION = YES;
				CLANG_WARN_DEPRECATED_OBJC_IMPLEMENTATIONS = YES;
				CLANG_WARN_DIRECT_OBJC_ISA_USAGE = YES_ERROR;
				CLANG_WARN_DOCUMENTATION_COMMENTS = YES;
				CLANG_WARN_EMPTY_BODY = YES;
				CLANG_WARN_ENUM_CONVERSION = YES;
				CLANG_WARN_INFINITE_RECURSION = YES;
				CLANG_WARN_INT_CONVERSION = YES;
				CLANG_WARN_NON_LITERAL_NULL_CONVERSION = YES;
				CLANG_WARN_OBJC_IMPLICIT_RETAIN_SELF = YES;
				CLANG_WARN_OBJC_LITERAL_CONVERSION = YES;
				CLANG_WARN_OBJC_ROOT_CLASS = YES_ERROR;
				CLANG_WARN_RANGE_LOOP_ANALYSIS = YES;
				CLANG_WARN_STRICT_PROTOTYPES = YES;
				CLANG_WARN_SUSPICIOUS_MOVE = YES;
				CLANG_WARN_UNGUARDED_AVAILABILITY = YES_AGGRESSIVE;
				CLANG_WARN_UNREACHABLE_CODE = YES;
				CLANG_WARN__DUPLICATE_METHOD_MATCH = YES;
				COPY_PHASE_STRIP = NO;
				DEBUG_INFORMATION_FORMAT = dwarf;
				DEVELOPMENT_TEAM = 58M2442T6Y;
				ENABLE_STRICT_OBJC_MSGSEND = YES;
				ENABLE_TESTABILITY = YES;
				GCC_C_LANGUAGE_STANDARD = gnu11;
				GCC_DYNAMIC_NO_PIC = NO;
				GCC_NO_COMMON_BLOCKS = YES;
				GCC_OPTIMIZATION_LEVEL = 0;
				GCC_PREPROCESSOR_DEFINITIONS = (
					"DEBUG=1",
					"$(inherited)",
				);
				GCC_WARN_64_TO_32_BIT_CONVERSION = YES;
				GCC_WARN_ABOUT_RETURN_TYPE = YES_ERROR;
				GCC_WARN_UNDECLARED_SELECTOR = YES;
				GCC_WARN_UNINITIALIZED_AUTOS = YES_AGGRESSIVE;
				GCC_WARN_UNUSED_FUNCTION = YES;
				GCC_WARN_UNUSED_VARIABLE = YES;
				IPHONEOS_DEPLOYMENT_TARGET = 13.7;
				MTL_ENABLE_DEBUG_INFO = INCLUDE_SOURCE;
				MTL_FAST_MATH = YES;
				ONLY_ACTIVE_ARCH = YES;
				SDKROOT = iphoneos;
				SWIFT_ACTIVE_COMPILATION_CONDITIONS = DEBUG;
				SWIFT_OPTIMIZATION_LEVEL = "-Onone";
			};
			name = Debug;
		};
		497D6C4A25135F5F007DE651 /* Release */ = {
			isa = XCBuildConfiguration;
			buildSettings = {
				ALWAYS_SEARCH_USER_PATHS = NO;
				CLANG_ANALYZER_NONNULL = YES;
				CLANG_ANALYZER_NUMBER_OBJECT_CONVERSION = YES_AGGRESSIVE;
				CLANG_CXX_LANGUAGE_STANDARD = "gnu++14";
				CLANG_CXX_LIBRARY = "libc++";
				CLANG_ENABLE_MODULES = YES;
				CLANG_ENABLE_OBJC_ARC = YES;
				CLANG_ENABLE_OBJC_WEAK = YES;
				CLANG_WARN_BLOCK_CAPTURE_AUTORELEASING = YES;
				CLANG_WARN_BOOL_CONVERSION = YES;
				CLANG_WARN_COMMA = YES;
				CLANG_WARN_CONSTANT_CONVERSION = YES;
				CLANG_WARN_DEPRECATED_OBJC_IMPLEMENTATIONS = YES;
				CLANG_WARN_DIRECT_OBJC_ISA_USAGE = YES_ERROR;
				CLANG_WARN_DOCUMENTATION_COMMENTS = YES;
				CLANG_WARN_EMPTY_BODY = YES;
				CLANG_WARN_ENUM_CONVERSION = YES;
				CLANG_WARN_INFINITE_RECURSION = YES;
				CLANG_WARN_INT_CONVERSION = YES;
				CLANG_WARN_NON_LITERAL_NULL_CONVERSION = YES;
				CLANG_WARN_OBJC_IMPLICIT_RETAIN_SELF = YES;
				CLANG_WARN_OBJC_LITERAL_CONVERSION = YES;
				CLANG_WARN_OBJC_ROOT_CLASS = YES_ERROR;
				CLANG_WARN_RANGE_LOOP_ANALYSIS = YES;
				CLANG_WARN_STRICT_PROTOTYPES = YES;
				CLANG_WARN_SUSPICIOUS_MOVE = YES;
				CLANG_WARN_UNGUARDED_AVAILABILITY = YES_AGGRESSIVE;
				CLANG_WARN_UNREACHABLE_CODE = YES;
				CLANG_WARN__DUPLICATE_METHOD_MATCH = YES;
				COPY_PHASE_STRIP = NO;
				DEBUG_INFORMATION_FORMAT = "dwarf-with-dsym";
				DEVELOPMENT_TEAM = 58M2442T6Y;
				ENABLE_NS_ASSERTIONS = NO;
				ENABLE_STRICT_OBJC_MSGSEND = YES;
				GCC_C_LANGUAGE_STANDARD = gnu11;
				GCC_NO_COMMON_BLOCKS = YES;
				GCC_WARN_64_TO_32_BIT_CONVERSION = YES;
				GCC_WARN_ABOUT_RETURN_TYPE = YES_ERROR;
				GCC_WARN_UNDECLARED_SELECTOR = YES;
				GCC_WARN_UNINITIALIZED_AUTOS = YES_AGGRESSIVE;
				GCC_WARN_UNUSED_FUNCTION = YES;
				GCC_WARN_UNUSED_VARIABLE = YES;
				IPHONEOS_DEPLOYMENT_TARGET = 13.7;
				MTL_ENABLE_DEBUG_INFO = NO;
				MTL_FAST_MATH = YES;
				SDKROOT = iphoneos;
				SWIFT_COMPILATION_MODE = wholemodule;
				SWIFT_OPTIMIZATION_LEVEL = "-O";
				VALIDATE_PRODUCT = YES;
			};
			name = Release;
		};
		497D6C4C25135F5F007DE651 /* Debug */ = {
			isa = XCBuildConfiguration;
			baseConfigurationReference = 06324982B1CE5C84A8DDABDD /* Pods-ShoppingMall.debug.xcconfig */;
			buildSettings = {
				ASSETCATALOG_COMPILER_APPICON_NAME = AppIcon;
				CODE_SIGN_STYLE = Automatic;
				INFOPLIST_FILE = ShoppingMall/Info.plist;
				LD_RUNPATH_SEARCH_PATHS = (
					"$(inherited)",
					"@executable_path/Frameworks",
				);
				PRODUCT_BUNDLE_IDENTIFIER = org.techtown.ShoppingMall;
				PRODUCT_NAME = "$(TARGET_NAME)";
				SWIFT_VERSION = 5.0;
				TARGETED_DEVICE_FAMILY = "1,2";
			};
			name = Debug;
		};
		497D6C4D25135F5F007DE651 /* Release */ = {
			isa = XCBuildConfiguration;
			baseConfigurationReference = FA30B7BA336D5F1B4F0933F4 /* Pods-ShoppingMall.release.xcconfig */;
			buildSettings = {
				ASSETCATALOG_COMPILER_APPICON_NAME = AppIcon;
				CODE_SIGN_STYLE = Automatic;
				INFOPLIST_FILE = ShoppingMall/Info.plist;
				LD_RUNPATH_SEARCH_PATHS = (
					"$(inherited)",
					"@executable_path/Frameworks",
				);
				PRODUCT_BUNDLE_IDENTIFIER = org.techtown.ShoppingMall;
				PRODUCT_NAME = "$(TARGET_NAME)";
				SWIFT_VERSION = 5.0;
				TARGETED_DEVICE_FAMILY = "1,2";
			};
			name = Release;
		};
/* End XCBuildConfiguration section */

/* Begin XCConfigurationList section */
		497D6C3225135F5F007DE651 /* Build configuration list for PBXProject "ShoppingMall" */ = {
			isa = XCConfigurationList;
			buildConfigurations = (
				497D6C4925135F5F007DE651 /* Debug */,
				497D6C4A25135F5F007DE651 /* Release */,
			);
			defaultConfigurationIsVisible = 0;
			defaultConfigurationName = Release;
		};
		497D6C4B25135F5F007DE651 /* Build configuration list for PBXNativeTarget "ShoppingMall" */ = {
			isa = XCConfigurationList;
			buildConfigurations = (
				497D6C4C25135F5F007DE651 /* Debug */,
				497D6C4D25135F5F007DE651 /* Release */,
			);
			defaultConfigurationIsVisible = 0;
			defaultConfigurationName = Release;
		};
/* End XCConfigurationList section */
	};
	rootObject = 497D6C2F25135F5F007DE651 /* Project object */;
}
